
Microsoft Visual Studio Solution File, Format Version 12.00
# Visual Studio Version 17
VisualStudioVersion = 17.0.32014.148
MinimumVisualStudioVersion = 10.0.40219.1
Project("{FAE04EC0-301F-11D3-BF4B-00C04F79EFBC}") = "MvcMovie", "MvcMovie\MvcMovie.csproj", "{51E2326A-692F-412E-85FC-73C9C3CF04B2}"
EndProject
Global
	GlobalSection(SolutionConfigurationPlatforms) = preSolution
		Debug|Any CPU = Debug|Any CPU
		Release|Any CPU = Release|Any CPU
	EndGlobalSection
	GlobalSection(ProjectConfigurationPlatforms) = postSolution
		{51E2326A-692F-412E-85FC-73C9C3CF04B2}.Debug|Any CPU.ActiveCfg = Debug|Any CPU
		{51E2326A-692F-412E-85FC-73C9C3CF04B2}.Debug|Any CPU.Build.0 = Debug|Any CPU
		{51E2326A-692F-412E-85FC-73C9C3CF04B2}.Release|Any CPU.ActiveCfg = Release|Any CPU
		{51E2326A-692F-412E-85FC-73C9C3CF04B2}.Release|Any CPU.Build.0 = Release|Any CPU
	EndGlobalSection
	GlobalSection(SolutionProperties) = preSolution
		HideSolutionNode = FALSE
	EndGlobalSection
	GlobalSection(ExtensibilityGlobals) = postSolution
		SolutionGuid = {D9D3183C-1142-4801-9EBD-6E8C4D034125}
	EndGlobalSection
EndGlobal
